
Microsoft Visual Studio Solution File, Format Version 12.00
# Visual Studio 14
VisualStudioVersion = 14.0.24720.0
MinimumVisualStudioVersion = 10.0.40219.1
Project("{FAE04EC0-301F-11D3-BF4B-00C04F79EFBC}") = "BookMe.Web", "BookMe.Web\BookMe.Web.csproj", "{5C95FCC7-3AC5-4C83-95F4-8C12538D57CF}"
EndProject
Global
	GlobalSection(SolutionConfigurationPlatforms) = preSolution
		Debug|Any CPU = Debug|Any CPU
		Release|Any CPU = Release|Any CPU
	EndGlobalSection
	GlobalSection(ProjectConfigurationPlatforms) = postSolution
		{5C95FCC7-3AC5-4C83-95F4-8C12538D57CF}.Debug|Any CPU.ActiveCfg = Debug|Any CPU
		{5C95FCC7-3AC5-4C83-95F4-8C12538D57CF}.Debug|Any CPU.Build.0 = Debug|Any CPU
		{5C95FCC7-3AC5-4C83-95F4-8C12538D57CF}.Release|Any CPU.ActiveCfg = Release|Any CPU
		{5C95FCC7-3AC5-4C83-95F4-8C12538D57CF}.Release|Any CPU.Build.0 = Release|Any CPU
	EndGlobalSection
	GlobalSection(SolutionProperties) = preSolution
		HideSolutionNode = FALSE
	EndGlobalSection
	GlobalSection(TeamFoundationVersionControl) = preSolution
		SccNumberOfProjects = 2
		SccEnterpriseProvider = {4CA58AB2-18FA-4F8D-95D4-32DDF27D184C}
		SccTeamFoundationServer = https://pwsoftware.visualstudio.com/defaultcollection
		SccLocalPath0 = .
		SccProjectUniqueName1 = BookMe.Web\\BookMe.Web.csproj
		SccProjectName1 = BookMe.Web
		SccLocalPath1 = BookMe.Web
	EndGlobalSection
EndGlobal
