
Microsoft Visual Studio Solution File, Format Version 12.00
# Visual Studio 14
VisualStudioVersion = 14.0.24720.0
MinimumVisualStudioVersion = 10.0.40219.1
Project("{FAE04EC0-301F-11D3-BF4B-00C04F79EFBC}") = "BookMe.Web", "BookMe.Web\BookMe.Web.csproj", "{5C95FCC7-3AC5-4C83-95F4-8C12538D57CF}"
EndProject
Project("{FAE04EC0-301F-11D3-BF4B-00C04F79EFBC}") = "BookMe.Database", "BookMe.Database\BookMe.Database.csproj", "{1E14CBDA-6E92-4568-BA5C-A0E3F97A9503}"
EndProject
Project("{FAE04EC0-301F-11D3-BF4B-00C04F79EFBC}") = "BookMe.BusinessLogic", "BookMe.BusinessLogic\BookMe.BusinessLogic.csproj", "{CF9FC408-67F6-4DCC-B51A-7079FEB73602}"
EndProject
Global
	GlobalSection(SolutionConfigurationPlatforms) = preSolution
		Debug|Any CPU = Debug|Any CPU
		Release|Any CPU = Release|Any CPU
	EndGlobalSection
	GlobalSection(ProjectConfigurationPlatforms) = postSolution
		{5C95FCC7-3AC5-4C83-95F4-8C12538D57CF}.Debug|Any CPU.ActiveCfg = Debug|Any CPU
		{5C95FCC7-3AC5-4C83-95F4-8C12538D57CF}.Debug|Any CPU.Build.0 = Debug|Any CPU
		{5C95FCC7-3AC5-4C83-95F4-8C12538D57CF}.Release|Any CPU.ActiveCfg = Release|Any CPU
		{5C95FCC7-3AC5-4C83-95F4-8C12538D57CF}.Release|Any CPU.Build.0 = Release|Any CPU
		{1E14CBDA-6E92-4568-BA5C-A0E3F97A9503}.Debug|Any CPU.ActiveCfg = Debug|Any CPU
		{1E14CBDA-6E92-4568-BA5C-A0E3F97A9503}.Debug|Any CPU.Build.0 = Debug|Any CPU
		{1E14CBDA-6E92-4568-BA5C-A0E3F97A9503}.Release|Any CPU.ActiveCfg = Release|Any CPU
		{1E14CBDA-6E92-4568-BA5C-A0E3F97A9503}.Release|Any CPU.Build.0 = Release|Any CPU
		{CF9FC408-67F6-4DCC-B51A-7079FEB73602}.Debug|Any CPU.ActiveCfg = Debug|Any CPU
		{CF9FC408-67F6-4DCC-B51A-7079FEB73602}.Debug|Any CPU.Build.0 = Debug|Any CPU
		{CF9FC408-67F6-4DCC-B51A-7079FEB73602}.Release|Any CPU.ActiveCfg = Release|Any CPU
		{CF9FC408-67F6-4DCC-B51A-7079FEB73602}.Release|Any CPU.Build.0 = Release|Any CPU
	EndGlobalSection
	GlobalSection(SolutionProperties) = preSolution
		HideSolutionNode = FALSE
	EndGlobalSection
	GlobalSection(TeamFoundationVersionControl) = preSolution
		SccNumberOfProjects = 4
		SccEnterpriseProvider = {4CA58AB2-18FA-4F8D-95D4-32DDF27D184C}
		SccTeamFoundationServer = https://pwsoftware.visualstudio.com/defaultcollection
		SccLocalPath0 = .
		SccProjectUniqueName1 = BookMe.Database\\BookMe.Database.csproj
		SccProjectName1 = BookMe.Database
		SccLocalPath1 = BookMe.Database
		SccProjectUniqueName2 = BookMe.Web\\BookMe.Web.csproj
		SccProjectName2 = BookMe.Web
		SccLocalPath2 = BookMe.Web
		SccProjectUniqueName3 = BookMe.BusinessLogic\\BookMe.BusinessLogic.csproj
		SccProjectName3 = BookMe.BusinessLogic
		SccLocalPath3 = BookMe.BusinessLogic
	EndGlobalSection
EndGlobal
